
Microsoft Visual Studio Solution File, Format Version 12.00
# Visual Studio Version 17
VisualStudioVersion = 17.12.35527.113
MinimumVisualStudioVersion = 10.0.40219.1
Project("{FAE04EC0-301F-11D3-BF4B-00C04F79EFBC}") = "Robot_interface_fath_bertin", "Robot_interface_fath_bertin.csproj", "{820B72EB-62E7-4B51-91F8-1951283C4002}"
EndProject
Project("{FAE04EC0-301F-11D3-BF4B-00C04F79EFBC}") = "ExtendedSerialPort", "..\..\ExtendedSerialPort .NET6 (3)\ExtendedSerialPort .NET6\ExtendedSerialPort\ExtendedSerialPort\ExtendedSerialPort.csproj", "{32DA9866-1DB4-46E7-BBE3-E7E6C43A3FAF}"
EndProject
Global
	GlobalSection(SolutionConfigurationPlatforms) = preSolution
		Debug|Any CPU = Debug|Any CPU
		Release|Any CPU = Release|Any CPU
	EndGlobalSection
	GlobalSection(ProjectConfigurationPlatforms) = postSolution
		{820B72EB-62E7-4B51-91F8-1951283C4002}.Debug|Any CPU.ActiveCfg = Debug|Any CPU
		{820B72EB-62E7-4B51-91F8-1951283C4002}.Debug|Any CPU.Build.0 = Debug|Any CPU
		{820B72EB-62E7-4B51-91F8-1951283C4002}.Release|Any CPU.ActiveCfg = Release|Any CPU
		{820B72EB-62E7-4B51-91F8-1951283C4002}.Release|Any CPU.Build.0 = Release|Any CPU
		{32DA9866-1DB4-46E7-BBE3-E7E6C43A3FAF}.Debug|Any CPU.ActiveCfg = Debug|Any CPU
		{32DA9866-1DB4-46E7-BBE3-E7E6C43A3FAF}.Debug|Any CPU.Build.0 = Debug|Any CPU
		{32DA9866-1DB4-46E7-BBE3-E7E6C43A3FAF}.Release|Any CPU.ActiveCfg = Release|Any CPU
		{32DA9866-1DB4-46E7-BBE3-E7E6C43A3FAF}.Release|Any CPU.Build.0 = Release|Any CPU
	EndGlobalSection
	GlobalSection(SolutionProperties) = preSolution
		HideSolutionNode = FALSE
	EndGlobalSection
EndGlobal
